
Microsoft Visual Studio Solution File, Format Version 12.00
# Visual Studio 15
VisualStudioVersion = 15.0.28307.539
MinimumVisualStudioVersion = 10.0.40219.1
Project("{2150E333-8FDC-42A3-9474-1A3956D46DE8}") = "Web", "Web", "{A95BAC16-F011-4236-A138-3E788559ABD3}"
EndProject
Project("{9A19103F-16F7-4668-BE54-9A1E7A4F7556}") = "FunApp.Web", "Web\FunApp.Web\FunApp.Web.csproj", "{CD825289-F28E-48D6-ADFC-25D83C9E20C6}"
EndProject
Project("{2150E333-8FDC-42A3-9474-1A3956D46DE8}") = "Data", "Data", "{CE92B2AC-5978-4AA3-8A07-472A1AD4789B}"
EndProject
Project("{9A19103F-16F7-4668-BE54-9A1E7A4F7556}") = "FunApp.Data", "Data\FunApp.Data\FunApp.Data.csproj", "{6AB9642D-1688-4D38-87B6-43879609F9E6}"
EndProject
Project("{9A19103F-16F7-4668-BE54-9A1E7A4F7556}") = "FunApp.Data.Models", "Data\FunApp.Data.Models\FunApp.Data.Models.csproj", "{6C3285D5-FD15-4C4F-8C7E-EC77349A6C57}"
EndProject
Project("{2150E333-8FDC-42A3-9474-1A3956D46DE8}") = "Tests", "Tests", "{22EFEB26-3DD3-4293-A251-414758686FFD}"
EndProject
Project("{9A19103F-16F7-4668-BE54-9A1E7A4F7556}") = "Sandbox", "Tests\Sandbox\Sandbox.csproj", "{9212201C-38DC-4B5B-9A85-F2D3921C4C51}"
EndProject
Project("{9A19103F-16F7-4668-BE54-9A1E7A4F7556}") = "FunApp.Data.Common", "Data\FunApp.Data.Common\FunApp.Data.Common.csproj", "{B194DB55-E036-422A-A2AC-F9E197409554}"
EndProject
Project("{2150E333-8FDC-42A3-9474-1A3956D46DE8}") = "Services", "Services", "{4F2A6948-2FAD-4CFC-805E-74C706FA68CF}"
EndProject
Project("{9A19103F-16F7-4668-BE54-9A1E7A4F7556}") = "FunApp.Services.DataServices", "Services\FunApp.Services.DataServices\FunApp.Services.DataServices.csproj", "{4BD3A03C-65EF-42AA-B1A3-C4846F3676FC}"
EndProject
Project("{9A19103F-16F7-4668-BE54-9A1E7A4F7556}") = "FunApp.Services.Models", "Services\FunApp.Services.Models\FunApp.Services.Models.csproj", "{F82A2262-4ADA-402C-9751-4381476BD564}"
EndProject
Project("{9A19103F-16F7-4668-BE54-9A1E7A4F7556}") = "FunApp.Services.Mapping", "Services\FunApp.Services.Mapping\FunApp.Services.Mapping.csproj", "{0FC98C01-30C0-49AB-84A5-8F4404E7182A}"
EndProject
Project("{9A19103F-16F7-4668-BE54-9A1E7A4F7556}") = "FunApp.Services.MachineLearning", "Services\FunApp.Services.MachineLearning\FunApp.Services.MachineLearning.csproj", "{8DA0D542-E719-4971-8F1C-E095D38040C9}"
EndProject
Project("{FAE04EC0-301F-11D3-BF4B-00C04F79EFBC}") = "FunApp.Services.DataServices.Tests", "Tests\FunApp.Services.DataServices.Tests\FunApp.Services.DataServices.Tests.csproj", "{13C0958A-B921-4695-A9A0-08D34E873294}"
EndProject
Global
	GlobalSection(SolutionConfigurationPlatforms) = preSolution
		Debug|Any CPU = Debug|Any CPU
		Release|Any CPU = Release|Any CPU
	EndGlobalSection
	GlobalSection(ProjectConfigurationPlatforms) = postSolution
		{CD825289-F28E-48D6-ADFC-25D83C9E20C6}.Debug|Any CPU.ActiveCfg = Debug|Any CPU
		{CD825289-F28E-48D6-ADFC-25D83C9E20C6}.Debug|Any CPU.Build.0 = Debug|Any CPU
		{CD825289-F28E-48D6-ADFC-25D83C9E20C6}.Release|Any CPU.ActiveCfg = Release|Any CPU
		{CD825289-F28E-48D6-ADFC-25D83C9E20C6}.Release|Any CPU.Build.0 = Release|Any CPU
		{6AB9642D-1688-4D38-87B6-43879609F9E6}.Debug|Any CPU.ActiveCfg = Debug|Any CPU
		{6AB9642D-1688-4D38-87B6-43879609F9E6}.Debug|Any CPU.Build.0 = Debug|Any CPU
		{6AB9642D-1688-4D38-87B6-43879609F9E6}.Release|Any CPU.ActiveCfg = Release|Any CPU
		{6AB9642D-1688-4D38-87B6-43879609F9E6}.Release|Any CPU.Build.0 = Release|Any CPU
		{6C3285D5-FD15-4C4F-8C7E-EC77349A6C57}.Debug|Any CPU.ActiveCfg = Debug|Any CPU
		{6C3285D5-FD15-4C4F-8C7E-EC77349A6C57}.Debug|Any CPU.Build.0 = Debug|Any CPU
		{6C3285D5-FD15-4C4F-8C7E-EC77349A6C57}.Release|Any CPU.ActiveCfg = Release|Any CPU
		{6C3285D5-FD15-4C4F-8C7E-EC77349A6C57}.Release|Any CPU.Build.0 = Release|Any CPU
		{9212201C-38DC-4B5B-9A85-F2D3921C4C51}.Debug|Any CPU.ActiveCfg = Debug|Any CPU
		{9212201C-38DC-4B5B-9A85-F2D3921C4C51}.Debug|Any CPU.Build.0 = Debug|Any CPU
		{9212201C-38DC-4B5B-9A85-F2D3921C4C51}.Release|Any CPU.ActiveCfg = Release|Any CPU
		{9212201C-38DC-4B5B-9A85-F2D3921C4C51}.Release|Any CPU.Build.0 = Release|Any CPU
		{B194DB55-E036-422A-A2AC-F9E197409554}.Debug|Any CPU.ActiveCfg = Debug|Any CPU
		{B194DB55-E036-422A-A2AC-F9E197409554}.Debug|Any CPU.Build.0 = Debug|Any CPU
		{B194DB55-E036-422A-A2AC-F9E197409554}.Release|Any CPU.ActiveCfg = Release|Any CPU
		{B194DB55-E036-422A-A2AC-F9E197409554}.Release|Any CPU.Build.0 = Release|Any CPU
		{4BD3A03C-65EF-42AA-B1A3-C4846F3676FC}.Debug|Any CPU.ActiveCfg = Debug|Any CPU
		{4BD3A03C-65EF-42AA-B1A3-C4846F3676FC}.Debug|Any CPU.Build.0 = Debug|Any CPU
		{4BD3A03C-65EF-42AA-B1A3-C4846F3676FC}.Release|Any CPU.ActiveCfg = Release|Any CPU
		{4BD3A03C-65EF-42AA-B1A3-C4846F3676FC}.Release|Any CPU.Build.0 = Release|Any CPU
		{F82A2262-4ADA-402C-9751-4381476BD564}.Debug|Any CPU.ActiveCfg = Debug|Any CPU
		{F82A2262-4ADA-402C-9751-4381476BD564}.Debug|Any CPU.Build.0 = Debug|Any CPU
		{F82A2262-4ADA-402C-9751-4381476BD564}.Release|Any CPU.ActiveCfg = Release|Any CPU
		{F82A2262-4ADA-402C-9751-4381476BD564}.Release|Any CPU.Build.0 = Release|Any CPU
		{0FC98C01-30C0-49AB-84A5-8F4404E7182A}.Debug|Any CPU.ActiveCfg = Debug|Any CPU
		{0FC98C01-30C0-49AB-84A5-8F4404E7182A}.Debug|Any CPU.Build.0 = Debug|Any CPU
		{0FC98C01-30C0-49AB-84A5-8F4404E7182A}.Release|Any CPU.ActiveCfg = Release|Any CPU
		{0FC98C01-30C0-49AB-84A5-8F4404E7182A}.Release|Any CPU.Build.0 = Release|Any CPU
		{8DA0D542-E719-4971-8F1C-E095D38040C9}.Debug|Any CPU.ActiveCfg = Debug|Any CPU
		{8DA0D542-E719-4971-8F1C-E095D38040C9}.Debug|Any CPU.Build.0 = Debug|Any CPU
		{8DA0D542-E719-4971-8F1C-E095D38040C9}.Release|Any CPU.ActiveCfg = Release|Any CPU
		{8DA0D542-E719-4971-8F1C-E095D38040C9}.Release|Any CPU.Build.0 = Release|Any CPU
		{13C0958A-B921-4695-A9A0-08D34E873294}.Debug|Any CPU.ActiveCfg = Debug|Any CPU
		{13C0958A-B921-4695-A9A0-08D34E873294}.Debug|Any CPU.Build.0 = Debug|Any CPU
		{13C0958A-B921-4695-A9A0-08D34E873294}.Release|Any CPU.ActiveCfg = Release|Any CPU
		{13C0958A-B921-4695-A9A0-08D34E873294}.Release|Any CPU.Build.0 = Release|Any CPU
	EndGlobalSection
	GlobalSection(SolutionProperties) = preSolution
		HideSolutionNode = FALSE
	EndGlobalSection
	GlobalSection(NestedProjects) = preSolution
		{CD825289-F28E-48D6-ADFC-25D83C9E20C6} = {A95BAC16-F011-4236-A138-3E788559ABD3}
		{6AB9642D-1688-4D38-87B6-43879609F9E6} = {CE92B2AC-5978-4AA3-8A07-472A1AD4789B}
		{6C3285D5-FD15-4C4F-8C7E-EC77349A6C57} = {CE92B2AC-5978-4AA3-8A07-472A1AD4789B}
		{9212201C-38DC-4B5B-9A85-F2D3921C4C51} = {22EFEB26-3DD3-4293-A251-414758686FFD}
		{B194DB55-E036-422A-A2AC-F9E197409554} = {CE92B2AC-5978-4AA3-8A07-472A1AD4789B}
		{4BD3A03C-65EF-42AA-B1A3-C4846F3676FC} = {4F2A6948-2FAD-4CFC-805E-74C706FA68CF}
		{F82A2262-4ADA-402C-9751-4381476BD564} = {4F2A6948-2FAD-4CFC-805E-74C706FA68CF}
		{0FC98C01-30C0-49AB-84A5-8F4404E7182A} = {4F2A6948-2FAD-4CFC-805E-74C706FA68CF}
		{8DA0D542-E719-4971-8F1C-E095D38040C9} = {4F2A6948-2FAD-4CFC-805E-74C706FA68CF}
		{13C0958A-B921-4695-A9A0-08D34E873294} = {22EFEB26-3DD3-4293-A251-414758686FFD}
	EndGlobalSection
	GlobalSection(ExtensibilityGlobals) = postSolution
		SolutionGuid = {2AF69EDD-8943-443F-B1D3-1A3095E791EA}
	EndGlobalSection
EndGlobal
